
Microsoft Visual Studio Solution File, Format Version 12.00
# Visual Studio Version 17
VisualStudioVersion = 17.13.35931.197
MinimumVisualStudioVersion = 10.0.40219.1
Project("{FAE04EC0-301F-11D3-BF4B-00C04F79EFBC}") = "App.API", "App.API\App.API.csproj", "{05C5F76C-3252-4517-962A-AB3B5E2A0CED}"
EndProject
Project("{FAE04EC0-301F-11D3-BF4B-00C04F79EFBC}") = "App.Domain", "App.Domain\App.Domain.csproj", "{350484E2-125B-4947-BA42-D35158CF86F6}"
EndProject
Project("{FAE04EC0-301F-11D3-BF4B-00C04F79EFBC}") = "App.Application", "App.Application\App.Application.csproj", "{21F35B97-0429-450D-A9E2-8F04C454E55E}"
EndProject
Project("{FAE04EC0-301F-11D3-BF4B-00C04F79EFBC}") = "App.Persistance", "App.Persistance\App.Persistance.csproj", "{2B475A86-056F-4F28-98A0-9D80F5699258}"
EndProject
Project("{2150E333-8FDC-42A3-9474-1A3956D46DE8}") = "src", "src", "{02EA681E-C7D8-13C7-8484-4AC65E1B71E8}"
EndProject
Project("{2150E333-8FDC-42A3-9474-1A3956D46DE8}") = "api", "api", "{74656205-CB7A-4C42-AFC8-63D3FCC44DB0}"
EndProject
Project("{2150E333-8FDC-42A3-9474-1A3956D46DE8}") = "core", "core", "{9D7B81F3-5E71-4EFE-853D-C7DD0E1391CC}"
EndProject
Project("{2150E333-8FDC-42A3-9474-1A3956D46DE8}") = "infrastructure", "infrastructure", "{FCAF2C63-30D7-452F-BE96-C436CEEFF67A}"
EndProject
Project("{FAE04EC0-301F-11D3-BF4B-00C04F79EFBC}") = "App.Logging", "App.Logging\App.Logging.csproj", "{74A5F30E-3C42-46CF-B861-6FB16964E63E}"
EndProject
Project("{FAE04EC0-301F-11D3-BF4B-00C04F79EFBC}") = "App.Caching", "App.Caching\App.Caching.csproj", "{8061E110-A9AB-4F00-B04A-D0C4DB8AC6EA}"
EndProject
Project("{FAE04EC0-301F-11D3-BF4B-00C04F79EFBC}") = "App.Bus", "App.Bus\App.Bus.csproj", "{73D8FFEB-6957-4472-B0F1-52AAE0F74B15}"
EndProject
Global
	GlobalSection(SolutionConfigurationPlatforms) = preSolution
		Debug|Any CPU = Debug|Any CPU
		Release|Any CPU = Release|Any CPU
	EndGlobalSection
	GlobalSection(ProjectConfigurationPlatforms) = postSolution
		{05C5F76C-3252-4517-962A-AB3B5E2A0CED}.Debug|Any CPU.ActiveCfg = Debug|Any CPU
		{05C5F76C-3252-4517-962A-AB3B5E2A0CED}.Debug|Any CPU.Build.0 = Debug|Any CPU
		{05C5F76C-3252-4517-962A-AB3B5E2A0CED}.Release|Any CPU.ActiveCfg = Release|Any CPU
		{05C5F76C-3252-4517-962A-AB3B5E2A0CED}.Release|Any CPU.Build.0 = Release|Any CPU
		{350484E2-125B-4947-BA42-D35158CF86F6}.Debug|Any CPU.ActiveCfg = Debug|Any CPU
		{350484E2-125B-4947-BA42-D35158CF86F6}.Debug|Any CPU.Build.0 = Debug|Any CPU
		{350484E2-125B-4947-BA42-D35158CF86F6}.Release|Any CPU.ActiveCfg = Release|Any CPU
		{350484E2-125B-4947-BA42-D35158CF86F6}.Release|Any CPU.Build.0 = Release|Any CPU
		{21F35B97-0429-450D-A9E2-8F04C454E55E}.Debug|Any CPU.ActiveCfg = Debug|Any CPU
		{21F35B97-0429-450D-A9E2-8F04C454E55E}.Debug|Any CPU.Build.0 = Debug|Any CPU
		{21F35B97-0429-450D-A9E2-8F04C454E55E}.Release|Any CPU.ActiveCfg = Release|Any CPU
		{21F35B97-0429-450D-A9E2-8F04C454E55E}.Release|Any CPU.Build.0 = Release|Any CPU
		{2B475A86-056F-4F28-98A0-9D80F5699258}.Debug|Any CPU.ActiveCfg = Debug|Any CPU
		{2B475A86-056F-4F28-98A0-9D80F5699258}.Debug|Any CPU.Build.0 = Debug|Any CPU
		{2B475A86-056F-4F28-98A0-9D80F5699258}.Release|Any CPU.ActiveCfg = Release|Any CPU
		{2B475A86-056F-4F28-98A0-9D80F5699258}.Release|Any CPU.Build.0 = Release|Any CPU
		{74A5F30E-3C42-46CF-B861-6FB16964E63E}.Debug|Any CPU.ActiveCfg = Debug|Any CPU
		{74A5F30E-3C42-46CF-B861-6FB16964E63E}.Debug|Any CPU.Build.0 = Debug|Any CPU
		{74A5F30E-3C42-46CF-B861-6FB16964E63E}.Release|Any CPU.ActiveCfg = Release|Any CPU
		{74A5F30E-3C42-46CF-B861-6FB16964E63E}.Release|Any CPU.Build.0 = Release|Any CPU
		{8061E110-A9AB-4F00-B04A-D0C4DB8AC6EA}.Debug|Any CPU.ActiveCfg = Debug|Any CPU
		{8061E110-A9AB-4F00-B04A-D0C4DB8AC6EA}.Debug|Any CPU.Build.0 = Debug|Any CPU
		{8061E110-A9AB-4F00-B04A-D0C4DB8AC6EA}.Release|Any CPU.ActiveCfg = Release|Any CPU
		{8061E110-A9AB-4F00-B04A-D0C4DB8AC6EA}.Release|Any CPU.Build.0 = Release|Any CPU
		{73D8FFEB-6957-4472-B0F1-52AAE0F74B15}.Debug|Any CPU.ActiveCfg = Debug|Any CPU
		{73D8FFEB-6957-4472-B0F1-52AAE0F74B15}.Debug|Any CPU.Build.0 = Debug|Any CPU
		{73D8FFEB-6957-4472-B0F1-52AAE0F74B15}.Release|Any CPU.ActiveCfg = Release|Any CPU
		{73D8FFEB-6957-4472-B0F1-52AAE0F74B15}.Release|Any CPU.Build.0 = Release|Any CPU
	EndGlobalSection
	GlobalSection(SolutionProperties) = preSolution
		HideSolutionNode = FALSE
	EndGlobalSection
	GlobalSection(NestedProjects) = preSolution
		{05C5F76C-3252-4517-962A-AB3B5E2A0CED} = {74656205-CB7A-4C42-AFC8-63D3FCC44DB0}
		{350484E2-125B-4947-BA42-D35158CF86F6} = {9D7B81F3-5E71-4EFE-853D-C7DD0E1391CC}
		{21F35B97-0429-450D-A9E2-8F04C454E55E} = {9D7B81F3-5E71-4EFE-853D-C7DD0E1391CC}
		{2B475A86-056F-4F28-98A0-9D80F5699258} = {FCAF2C63-30D7-452F-BE96-C436CEEFF67A}
		{74656205-CB7A-4C42-AFC8-63D3FCC44DB0} = {02EA681E-C7D8-13C7-8484-4AC65E1B71E8}
		{9D7B81F3-5E71-4EFE-853D-C7DD0E1391CC} = {02EA681E-C7D8-13C7-8484-4AC65E1B71E8}
		{FCAF2C63-30D7-452F-BE96-C436CEEFF67A} = {02EA681E-C7D8-13C7-8484-4AC65E1B71E8}
		{74A5F30E-3C42-46CF-B861-6FB16964E63E} = {FCAF2C63-30D7-452F-BE96-C436CEEFF67A}
		{8061E110-A9AB-4F00-B04A-D0C4DB8AC6EA} = {FCAF2C63-30D7-452F-BE96-C436CEEFF67A}
		{73D8FFEB-6957-4472-B0F1-52AAE0F74B15} = {FCAF2C63-30D7-452F-BE96-C436CEEFF67A}
	EndGlobalSection
	GlobalSection(ExtensibilityGlobals) = postSolution
		SolutionGuid = {FE59BE9F-192B-48DE-82B5-37DCA1777999}
	EndGlobalSection
EndGlobal
